
Microsoft Visual Studio Solution File, Format Version 12.00
# Visual Studio Version 17
VisualStudioVersion = 17.6.33723.286
MinimumVisualStudioVersion = 10.0.40219.1
Project("{FAE04EC0-301F-11D3-BF4B-00C04F79EFBC}") = "OnlineStoreBackend", "OnlineStoreBackend\OnlineStoreBackend.csproj", "{AE990C0F-B199-4B49-97D9-949B4D61F8E4}"
EndProject
Global
	GlobalSection(SolutionConfigurationPlatforms) = preSolution
		Debug|Any CPU = Debug|Any CPU
		Release|Any CPU = Release|Any CPU
	EndGlobalSection
	GlobalSection(ProjectConfigurationPlatforms) = postSolution
		{AE990C0F-B199-4B49-97D9-949B4D61F8E4}.Debug|Any CPU.ActiveCfg = Debug|Any CPU
		{AE990C0F-B199-4B49-97D9-949B4D61F8E4}.Debug|Any CPU.Build.0 = Debug|Any CPU
		{AE990C0F-B199-4B49-97D9-949B4D61F8E4}.Release|Any CPU.ActiveCfg = Release|Any CPU
		{AE990C0F-B199-4B49-97D9-949B4D61F8E4}.Release|Any CPU.Build.0 = Release|Any CPU
	EndGlobalSection
	GlobalSection(SolutionProperties) = preSolution
		HideSolutionNode = FALSE
	EndGlobalSection
	GlobalSection(ExtensibilityGlobals) = postSolution
		SolutionGuid = {C74F8692-8A80-4610-9CCD-C2BE02CE1242}
	EndGlobalSection
EndGlobal
